
Microsoft Visual Studio Solution File, Format Version 12.00
# Visual Studio 14
VisualStudioVersion = 14.0.24720.0
MinimumVisualStudioVersion = 10.0.40219.1
Project("{FAE04EC0-301F-11D3-BF4B-00C04F79EFBC}") = "tic tac toe game", "tic tac toe game\tic tac toe game.csproj", "{582C86E7-2744-4042-B06A-5E277E70FFC8}"
EndProject
Project("{54435603-DBB4-11D2-8724-00A0C9A8B90C}") = "Setup1", "Setup1\Setup1.vdproj", "{EE9823E8-0DFF-47C2-A381-68279AE170A6}"
EndProject
Global
	GlobalSection(SolutionConfigurationPlatforms) = preSolution
		Debug|Any CPU = Debug|Any CPU
		Release|Any CPU = Release|Any CPU
	EndGlobalSection
	GlobalSection(ProjectConfigurationPlatforms) = postSolution
		{582C86E7-2744-4042-B06A-5E277E70FFC8}.Debug|Any CPU.ActiveCfg = Debug|Any CPU
		{582C86E7-2744-4042-B06A-5E277E70FFC8}.Debug|Any CPU.Build.0 = Debug|Any CPU
		{582C86E7-2744-4042-B06A-5E277E70FFC8}.Release|Any CPU.ActiveCfg = Release|Any CPU
		{582C86E7-2744-4042-B06A-5E277E70FFC8}.Release|Any CPU.Build.0 = Release|Any CPU
		{EE9823E8-0DFF-47C2-A381-68279AE170A6}.Debug|Any CPU.ActiveCfg = Debug
		{EE9823E8-0DFF-47C2-A381-68279AE170A6}.Release|Any CPU.ActiveCfg = Release
	EndGlobalSection
	GlobalSection(SolutionProperties) = preSolution
		HideSolutionNode = FALSE
	EndGlobalSection
EndGlobal
